
Microsoft Visual Studio Solution File, Format Version 12.00
# Visual Studio 14
VisualStudioVersion = 14.0.24720.0
MinimumVisualStudioVersion = 10.0.40219.1
Project("{FAE04EC0-301F-11D3-BF4B-00C04F79EFBC}") = "GameOfLife", "GameOfLife.csproj", "{508B499E-B40E-4DDE-87BC-6B78D9BB1FE2}"
EndProject
Project("{FAE04EC0-301F-11D3-BF4B-00C04F79EFBC}") = "GameOfLife.Tests", "..\GameOfLife.Tests\GameOfLife.Tests.csproj", "{43AF0635-0CC0-466B-95FE-478D4C390EDD}"
EndProject
Global
	GlobalSection(SolutionConfigurationPlatforms) = preSolution
		Debug|Any CPU = Debug|Any CPU
		Release|Any CPU = Release|Any CPU
	EndGlobalSection
	GlobalSection(ProjectConfigurationPlatforms) = postSolution
		{508B499E-B40E-4DDE-87BC-6B78D9BB1FE2}.Debug|Any CPU.ActiveCfg = Debug|Any CPU
		{508B499E-B40E-4DDE-87BC-6B78D9BB1FE2}.Debug|Any CPU.Build.0 = Debug|Any CPU
		{508B499E-B40E-4DDE-87BC-6B78D9BB1FE2}.Release|Any CPU.ActiveCfg = Release|Any CPU
		{508B499E-B40E-4DDE-87BC-6B78D9BB1FE2}.Release|Any CPU.Build.0 = Release|Any CPU
		{43AF0635-0CC0-466B-95FE-478D4C390EDD}.Debug|Any CPU.ActiveCfg = Debug|Any CPU
		{43AF0635-0CC0-466B-95FE-478D4C390EDD}.Debug|Any CPU.Build.0 = Debug|Any CPU
		{43AF0635-0CC0-466B-95FE-478D4C390EDD}.Release|Any CPU.ActiveCfg = Release|Any CPU
		{43AF0635-0CC0-466B-95FE-478D4C390EDD}.Release|Any CPU.Build.0 = Release|Any CPU
	EndGlobalSection
	GlobalSection(SolutionProperties) = preSolution
		HideSolutionNode = FALSE
	EndGlobalSection
EndGlobal
